
Microsoft Visual Studio Solution File, Format Version 11.00
# Visual Studio 2010
Project("{FAE04EC0-301F-11D3-BF4B-00C04F79EFBC}") = "xCoder.Test", "xCoder.Test\xCoder.Test.csproj", "{32CAB6D9-324E-42A8-BB14-B6853BE55EDD}"
EndProject
Project("{FAE04EC0-301F-11D3-BF4B-00C04F79EFBC}") = "xCoder.DB2Project", "xCoder.DB2Project\xCoder.DB2Project.csproj", "{91F61E76-F90F-4299-ABFC-CF04303F6515}"
EndProject
Global
	GlobalSection(TeamFoundationVersionControl) = preSolution
		SccNumberOfProjects = 3
		SccEnterpriseProvider = {4CA58AB2-18FA-4F8D-95D4-32DDF27D184C}
		SccTeamFoundationServer = https://tfs.codeplex.com/tfs/tfs20
		SccLocalPath0 = .
		SccProjectUniqueName1 = xCoder.Test\\xCoder.Test.csproj
		SccProjectName1 = xCoder.Test
		SccLocalPath1 = xCoder.Test
		SccProjectUniqueName2 = xCoder.DB2Project\\xCoder.DB2Project.csproj
		SccProjectName2 = xCoder.DB2Project
		SccLocalPath2 = xCoder.DB2Project
	EndGlobalSection
	GlobalSection(SolutionConfigurationPlatforms) = preSolution
		Debug|Any CPU = Debug|Any CPU
		Release|Any CPU = Release|Any CPU
	EndGlobalSection
	GlobalSection(ProjectConfigurationPlatforms) = postSolution
		{32CAB6D9-324E-42A8-BB14-B6853BE55EDD}.Debug|Any CPU.ActiveCfg = Debug|Any CPU
		{32CAB6D9-324E-42A8-BB14-B6853BE55EDD}.Debug|Any CPU.Build.0 = Debug|Any CPU
		{32CAB6D9-324E-42A8-BB14-B6853BE55EDD}.Release|Any CPU.ActiveCfg = Release|Any CPU
		{32CAB6D9-324E-42A8-BB14-B6853BE55EDD}.Release|Any CPU.Build.0 = Release|Any CPU
		{91F61E76-F90F-4299-ABFC-CF04303F6515}.Debug|Any CPU.ActiveCfg = Debug|Any CPU
		{91F61E76-F90F-4299-ABFC-CF04303F6515}.Debug|Any CPU.Build.0 = Debug|Any CPU
		{91F61E76-F90F-4299-ABFC-CF04303F6515}.Release|Any CPU.ActiveCfg = Release|Any CPU
		{91F61E76-F90F-4299-ABFC-CF04303F6515}.Release|Any CPU.Build.0 = Release|Any CPU
	EndGlobalSection
	GlobalSection(SolutionProperties) = preSolution
		HideSolutionNode = FALSE
	EndGlobalSection
EndGlobal
